// !$*UTF8*$!
{
	archiveVersion = 1;
	classes = {
	};
	objectVersion = 46;
	objects = {

/* Begin PBXBuildFile section */
		790BD8761EB43BFC00D28CE2 /* Ants.cpp in Sources */ = {isa = PBXBuildFile; fileRef = 790BD8751EB43BFC00D28CE2 /* Ants.cpp */; };
		790BD8781EB4411500D28CE2 /* drawLots.cpp in Sources */ = {isa = PBXBuildFile; fileRef = 790BD8771EB4411500D28CE2 /* drawLots.cpp */; };
		790F71FF2446B716001137E8 /* 5_1TreeNode_Travel.cpp in Sources */ = {isa = PBXBuildFile; fileRef = 790F71FE2446B716001137E8 /* 5_1TreeNode_Travel.cpp */; };
		790F72022451BE9E001137E8 /* 8tecent_test1.cpp in Sources */ = {isa = PBXBuildFile; fileRef = 790F72002451BE9D001137E8 /* 8tecent_test1.cpp */; };
		790F720424527C59001137E8 /* 5_1Reversed_pair.cpp in Sources */ = {isa = PBXBuildFile; fileRef = 790F720324527C59001137E8 /* 5_1Reversed_pair.cpp */; };
		790F720624548370001137E8 /* 5_2Reversed_pair.cpp in Sources */ = {isa = PBXBuildFile; fileRef = 790F720524548370001137E8 /* 5_2Reversed_pair.cpp */; };
		7910362B221D94260073FD37 /* 4greedy.cpp in Sources */ = {isa = PBXBuildFile; fileRef = 7910362A221D94260073FD37 /* 4greedy.cpp */; };
		791727901EE98A3100B8719F /* SetHeap.cpp in Sources */ = {isa = PBXBuildFile; fileRef = 7917278F1EE98A3100B8719F /* SetHeap.cpp */; };
		791798252277D11B0024F39A /* 4_2fence_repair.cpp in Sources */ = {isa = PBXBuildFile; fileRef = 791798242277D11B0024F39A /* 4_2fence_repair.cpp */; };
		79180FC5236142950076F0FB /* 1vec.cpp in Sources */ = {isa = PBXBuildFile; fileRef = 79180FC4236142950076F0FB /* 1vec.cpp */; };
		79180FC82362E05B0076F0FB /* 2Arr.cpp in Sources */ = {isa = PBXBuildFile; fileRef = 79180FC72362E05B0076F0FB /* 2Arr.cpp */; };
		79180FCA237315AB0076F0FB /* 3Str.cpp in Sources */ = {isa = PBXBuildFile; fileRef = 79180FC9237315AA0076F0FB /* 3Str.cpp */; };
		79192BC422BC67FC00D8ADE5 /* 5_1DP_package.cpp in Sources */ = {isa = PBXBuildFile; fileRef = 79192BC322BC67FC00D8ADE5 /* 5_1DP_package.cpp */; };
		7925F33A1EEFEDD900A66D7D /* BinarySearchTree.cpp in Sources */ = {isa = PBXBuildFile; fileRef = 7925F3391EEFEDD900A66D7D /* BinarySearchTree.cpp */; };
		7926E5E61F27856500AE47B1 /* Graph2.cpp in Sources */ = {isa = PBXBuildFile; fileRef = 7926E5E51F27856500AE47B1 /* Graph2.cpp */; };
		792FDFA21ECF128600506AF9 /* OrderChild.cpp in Sources */ = {isa = PBXBuildFile; fileRef = 792FDFA11ECF128600506AF9 /* OrderChild.cpp */; };
		792FDFA41ECF1B5900506AF9 /* MakeTeam.cpp in Sources */ = {isa = PBXBuildFile; fileRef = 792FDFA31ECF1B5900506AF9 /* MakeTeam.cpp */; };
		792FDFA61ECF217100506AF9 /* MostLongUpstairsSequence.cpp in Sources */ = {isa = PBXBuildFile; fileRef = 792FDFA51ECF217100506AF9 /* MostLongUpstairsSequence.cpp */; };
		792FDFA81ECF2AAB00506AF9 /* 11.cpp in Sources */ = {isa = PBXBuildFile; fileRef = 792FDFA71ECF2AAB00506AF9 /* 11.cpp */; };
		793258841EB8DD0F0060B2DE /* dfs.cpp in Sources */ = {isa = PBXBuildFile; fileRef = 793258831EB8DD0F0060B2DE /* dfs.cpp */; };
		7935B90B1EEED480008E0260 /* AddPetral.cpp in Sources */ = {isa = PBXBuildFile; fileRef = 7935B90A1EEED480008E0260 /* AddPetral.cpp */; };
		7940154F1EC3F9B40068922F /* LakeCountDfs.cpp in Sources */ = {isa = PBXBuildFile; fileRef = 7940154E1EC3F9B40068922F /* LakeCountDfs.cpp */; };
		7941AEA01F07CFAE000FC6C7 /* map.cpp in Sources */ = {isa = PBXBuildFile; fileRef = 7941AE9F1F07CFAE000FC6C7 /* map.cpp */; };
		7941AEA21F07D224000FC6C7 /* UnionFindSet.cpp in Sources */ = {isa = PBXBuildFile; fileRef = 7941AEA11F07D224000FC6C7 /* UnionFindSet.cpp */; };
		7946FC211EC740DB0000377B /* maze.cpp in Sources */ = {isa = PBXBuildFile; fileRef = 7946FC201EC740DB0000377B /* maze.cpp */; };
		7947CF332174761800A16355 /* 1Fact.cpp in Sources */ = {isa = PBXBuildFile; fileRef = 7947CF322174761800A16355 /* 1Fact.cpp */; };
		7947CF3521747B7700A16355 /* 2Stack_Queue.cpp in Sources */ = {isa = PBXBuildFile; fileRef = 7947CF3421747B7700A16355 /* 2Stack_Queue.cpp */; };
		7947CF3721747E3500A16355 /* 3DFS_BFS.cpp in Sources */ = {isa = PBXBuildFile; fileRef = 7947CF3621747E3500A16355 /* 3DFS_BFS.cpp */; };
		7969AD3223FFE08800D3B704 /* alibaba.cpp in Sources */ = {isa = PBXBuildFile; fileRef = 7969AD3123FFE08800D3B704 /* alibaba.cpp */; };
		7969AD342405618500D3B704 /* 9hash.cpp in Sources */ = {isa = PBXBuildFile; fileRef = 7969AD332405618500D3B704 /* 9hash.cpp */; };
		7969AD362406AA7E00D3B704 /* 5stack_heap.cpp in Sources */ = {isa = PBXBuildFile; fileRef = 7969AD352406AA7E00D3B704 /* 5stack_heap.cpp */; };
		7969AD382428F71A00D3B704 /* 10Recurse_Divide.cpp in Sources */ = {isa = PBXBuildFile; fileRef = 7969AD372428F71A00D3B704 /* 10Recurse_Divide.cpp */; };
		7969AD3A242CE1C900D3B704 /* 4domino_zhaohang.cpp in Sources */ = {isa = PBXBuildFile; fileRef = 7969AD39242CE1C900D3B704 /* 4domino_zhaohang.cpp */; };
		7969AD3C242DA63500D3B704 /* 5poster_zhaohang.cpp in Sources */ = {isa = PBXBuildFile; fileRef = 7969AD3B242DA63500D3B704 /* 5poster_zhaohang.cpp */; };
		7969AD3E242E1D8F00D3B704 /* 6socks_test.cpp in Sources */ = {isa = PBXBuildFile; fileRef = 7969AD3D242E1D8F00D3B704 /* 6socks_test.cpp */; };
		7969AD402430D7B700D3B704 /* 7wood.cpp in Sources */ = {isa = PBXBuildFile; fileRef = 7969AD3F2430D7B700D3B704 /* 7wood.cpp */; };
		796EABB71EB20F8100C32FA1 /* addm.cpp in Sources */ = {isa = PBXBuildFile; fileRef = 796EABB61EB20F8100C32FA1 /* addm.cpp */; };
		796FD07A23B889F6008156A5 /* 3Tree.cpp in Sources */ = {isa = PBXBuildFile; fileRef = 796FD07923B889F6008156A5 /* 3Tree.cpp */; };
		796FD07C23B894C9008156A5 /* 4StackAndQueue.cpp in Sources */ = {isa = PBXBuildFile; fileRef = 796FD07B23B894C9008156A5 /* 4StackAndQueue.cpp */; };
		796FD07E23B89506008156A5 /* 5Sort&Find.cpp in Sources */ = {isa = PBXBuildFile; fileRef = 796FD07D23B89506008156A5 /* 5Sort&Find.cpp */; };
		796FD08023B8C5E8008156A5 /* 6BackTrack.cpp in Sources */ = {isa = PBXBuildFile; fileRef = 796FD07F23B8C5E8008156A5 /* 6BackTrack.cpp */; };
		796FD08223B8D802008156A5 /* 7printN.cpp in Sources */ = {isa = PBXBuildFile; fileRef = 796FD08123B8D802008156A5 /* 7printN.cpp */; };
		796FD08423BB7D41008156A5 /* 2KthBigValue.cpp in Sources */ = {isa = PBXBuildFile; fileRef = 796FD08323BB7D41008156A5 /* 2KthBigValue.cpp */; };
		796FD08623CA024E008156A5 /* 0prepare.cpp in Sources */ = {isa = PBXBuildFile; fileRef = 796FD08523CA024E008156A5 /* 0prepare.cpp */; };
		797798401EBA2EF100B24E43 /* LakeCounting.cpp in Sources */ = {isa = PBXBuildFile; fileRef = 7977983F1EBA2EF100B24E43 /* LakeCounting.cpp */; };
		7989BD411EE055CB00779AFF /* pack01.cpp in Sources */ = {isa = PBXBuildFile; fileRef = 7989BD401EE055CB00779AFF /* pack01.cpp */; };
		799528BF22BF04D6004A903D /* yun1.cpp in Sources */ = {isa = PBXBuildFile; fileRef = 799528BE22BF04D6004A903D /* yun1.cpp */; };
		799E5B1123CCABAC002B98BA /* 3KthInTwoOrdered.cpp in Sources */ = {isa = PBXBuildFile; fileRef = 799E5B1023CCABAC002B98BA /* 3KthInTwoOrdered.cpp */; };
		79A25FBA22C848AF00E22DBC /* 5_2DP_pack2.cpp in Sources */ = {isa = PBXBuildFile; fileRef = 79A25FB922C848AF00E22DBC /* 5_2DP_pack2.cpp */; };
		79A45F6322DD674A00BAE3B4 /* 6_0heap.cpp in Sources */ = {isa = PBXBuildFile; fileRef = 79A45F6222DD674A00BAE3B4 /* 6_0heap.cpp */; };
		79A45F6522DFFD0F00BAE3B4 /* 6_1priority_problem.cpp in Sources */ = {isa = PBXBuildFile; fileRef = 79A45F6422DFFD0F00BAE3B4 /* 6_1priority_problem.cpp */; };
		79A45F6722E7F88E00BAE3B4 /* 7_0BSTree.cpp in Sources */ = {isa = PBXBuildFile; fileRef = 79A45F6622E7F88E00BAE3B4 /* 7_0BSTree.cpp */; };
		79A4ECC61EB5944E00A65C46 /* drawLots2.cpp in Sources */ = {isa = PBXBuildFile; fileRef = 79A4ECC51EB5944E00A65C46 /* drawLots2.cpp */; };
		79A4ECC81EB5CD6600A65C46 /* stackTest.cpp in Sources */ = {isa = PBXBuildFile; fileRef = 79A4ECC71EB5CD6600A65C46 /* stackTest.cpp */; };
		79AB41C91F27802800BF8172 /* Graph1.cpp in Sources */ = {isa = PBXBuildFile; fileRef = 79AB41C81F27802800BF8172 /* Graph1.cpp */; };
		79B004C91EE59DAF00E825F4 /* MLSequence.c in Sources */ = {isa = PBXBuildFile; fileRef = 79B004C81EE59DAF00E825F4 /* MLSequence.c */; };
		79B004CB1EE5BDF600E825F4 /* mlSequence1.c in Sources */ = {isa = PBXBuildFile; fileRef = 79B004CA1EE5BDF600E825F4 /* mlSequence1.c */; };
		79B49A421EBA1A6800C38422 /* juzi.cpp in Sources */ = {isa = PBXBuildFile; fileRef = 79B49A411EBA1A6800C38422 /* juzi.cpp */; };
		79B556EE1EB3304A0073C522 /* whetherTriangle.cpp in Sources */ = {isa = PBXBuildFile; fileRef = 79B556ED1EB3304A0073C522 /* whetherTriangle.cpp */; };
		79B87F4A23B4905800EF79C4 /* 4_1ListNode_problems.cpp in Sources */ = {isa = PBXBuildFile; fileRef = 79B87F4923B4905800EF79C4 /* 4_1ListNode_problems.cpp */; };
		79B87F4C23B49F0700EF79C4 /* 146LRU.cpp in Sources */ = {isa = PBXBuildFile; fileRef = 79B87F4B23B49F0700EF79C4 /* 146LRU.cpp */; };
		79B87F4E23B4A94800EF79C4 /* 4_4linkList_sortlist.cpp in Sources */ = {isa = PBXBuildFile; fileRef = 79B87F4D23B4A94800EF79C4 /* 4_4linkList_sortlist.cpp */; };
		79B87F5023B4B3AA00EF79C4 /* 3_1longestPalindrome.cpp in Sources */ = {isa = PBXBuildFile; fileRef = 79B87F4F23B4B3AA00EF79C4 /* 3_1longestPalindrome.cpp */; };
		79B87F5223B4D72200EF79C4 /* L7_reverse_int.cpp in Sources */ = {isa = PBXBuildFile; fileRef = 79B87F5123B4D72200EF79C4 /* L7_reverse_int.cpp */; };
		79B87F5423B50F7500EF79C4 /* 5_2TreeNode.cpp in Sources */ = {isa = PBXBuildFile; fileRef = 79B87F5323B50F7500EF79C4 /* 5_2TreeNode.cpp */; };
		79C5E02B2270B24F0099CFC0 /* 4_1greedy_army.cpp in Sources */ = {isa = PBXBuildFile; fileRef = 79C5E02A2270B24E0099CFC0 /* 4_1greedy_army.cpp */; };
		79C645B723EFFE7200F4CDFE /* leecode100.cpp in Sources */ = {isa = PBXBuildFile; fileRef = 79C645B623EFFE7200F4CDFE /* leecode100.cpp */; };
		79C645B923F13D7400F4CDFE /* 7DP.cpp in Sources */ = {isa = PBXBuildFile; fileRef = 79C645B823F13D7400F4CDFE /* 7DP.cpp */; };
		79C645BB23F6DB1D00F4CDFE /* 6BFS_DFS.cpp in Sources */ = {isa = PBXBuildFile; fileRef = 79C645BA23F6DB1D00F4CDFE /* 6BFS_DFS.cpp */; };
		79C645BD23F8E9C900F4CDFE /* 8search_sort.cpp in Sources */ = {isa = PBXBuildFile; fileRef = 79C645BC23F8E9C900F4CDFE /* 8search_sort.cpp */; };
		79D274EB1EF8292D00544897 /* Set.cpp in Sources */ = {isa = PBXBuildFile; fileRef = 79D274EA1EF8292D00544897 /* Set.cpp */; };
		79DDD0AA23A5E660007473F8 /* 4ListNode_basic.cpp in Sources */ = {isa = PBXBuildFile; fileRef = 79DDD0A923A5E660007473F8 /* 4ListNode_basic.cpp */; };
		79DDD0AC23AA68F8007473F8 /* 1NextBiggerIndex.cpp in Sources */ = {isa = PBXBuildFile; fileRef = 79DDD0AB23AA68F8007473F8 /* 1NextBiggerIndex.cpp */; };
		79DDD0AF23AB5B2A007473F8 /* 4_2linklist_circle.cpp in Sources */ = {isa = PBXBuildFile; fileRef = 79DDD0AE23AB5B2A007473F8 /* 4_2linklist_circle.cpp */; };
		79DDD0B123ACA2E1007473F8 /* 4_3linkList_IntersectionNode.cpp in Sources */ = {isa = PBXBuildFile; fileRef = 79DDD0B023ACA2E1007473F8 /* 4_3linkList_IntersectionNode.cpp */; };
		79DDD0B423AF61C1007473F8 /* 168week_competition.cpp in Sources */ = {isa = PBXBuildFile; fileRef = 79DDD0B323AF61C1007473F8 /* 168week_competition.cpp */; };
		79DDD0B723B1FD69007473F8 /* 1string.cpp in Sources */ = {isa = PBXBuildFile; fileRef = 79DDD0B623B1FD69007473F8 /* 1string.cpp */; };
		79DDD0B923B20008007473F8 /* 2MinInRotateArr.cpp in Sources */ = {isa = PBXBuildFile; fileRef = 79DDD0B823B20008007473F8 /* 2MinInRotateArr.cpp */; };
		79E38AB01F28C85C0055F2A8 /* PutColor.cpp in Sources */ = {isa = PBXBuildFile; fileRef = 79E38AAF1F28C85C0055F2A8 /* PutColor.cpp */; };
		79E38AB21F28D07A0055F2A8 /* SPBellman-Ford.cpp in Sources */ = {isa = PBXBuildFile; fileRef = 79E38AB11F28D07A0055F2A8 /* SPBellman-Ford.cpp */; };
		79F70F4B1ECD9AD1004DCCBA /* coins.cpp in Sources */ = {isa = PBXBuildFile; fileRef = 79F70F4A1ECD9AD1004DCCBA /* coins.cpp */; };
		79F70F4E1ECDA0C2004DCCBA /* ActivityTime.cpp in Sources */ = {isa = PBXBuildFile; fileRef = 79F70F4D1ECDA0C2004DCCBA /* ActivityTime.cpp */; };
		79F70F501ECDD275004DCCBA /* dictionaryQueue.cpp in Sources */ = {isa = PBXBuildFile; fileRef = 79F70F4F1ECDD275004DCCBA /* dictionaryQueue.cpp */; };
/* End PBXBuildFile section */

/* Begin PBXCopyFilesBuildPhase section */
		796EABB11EB20F8100C32FA1 /* CopyFiles */ = {
			isa = PBXCopyFilesBuildPhase;
			buildActionMask = 2147483647;
			dstPath = /usr/share/man/man1/;
			dstSubfolderSpec = 0;
			files = (
			);
			runOnlyForDeploymentPostprocessing = 1;
		};
/* End PBXCopyFilesBuildPhase section */

/* Begin PBXFileReference section */
		790BD8751EB43BFC00D28CE2 /* Ants.cpp */ = {isa = PBXFileReference; fileEncoding = 4; lastKnownFileType = sourcecode.cpp.cpp; path = Ants.cpp; sourceTree = "<group>"; };
		790BD8771EB4411500D28CE2 /* drawLots.cpp */ = {isa = PBXFileReference; fileEncoding = 4; lastKnownFileType = sourcecode.cpp.cpp; path = drawLots.cpp; sourceTree = "<group>"; };
		790F71FE2446B716001137E8 /* 5_1TreeNode_Travel.cpp */ = {isa = PBXFileReference; lastKnownFileType = sourcecode.cpp.cpp; path = 5_1TreeNode_Travel.cpp; sourceTree = "<group>"; };
		790F72002451BE9D001137E8 /* 8tecent_test1.cpp */ = {isa = PBXFileReference; lastKnownFileType = sourcecode.cpp.cpp; path = 8tecent_test1.cpp; sourceTree = "<group>"; };
		790F720324527C59001137E8 /* 5_1Reversed_pair.cpp */ = {isa = PBXFileReference; lastKnownFileType = sourcecode.cpp.cpp; path = 5_1Reversed_pair.cpp; sourceTree = "<group>"; };
		790F720524548370001137E8 /* 5_2Reversed_pair.cpp */ = {isa = PBXFileReference; lastKnownFileType = sourcecode.cpp.cpp; path = 5_2Reversed_pair.cpp; sourceTree = "<group>"; };
		7910362A221D94260073FD37 /* 4greedy.cpp */ = {isa = PBXFileReference; fileEncoding = 4; lastKnownFileType = sourcecode.cpp.cpp; path = 4greedy.cpp; sourceTree = "<group>"; };
		7917278F1EE98A3100B8719F /* SetHeap.cpp */ = {isa = PBXFileReference; fileEncoding = 4; lastKnownFileType = sourcecode.cpp.cpp; path = SetHeap.cpp; sourceTree = "<group>"; };
		791798242277D11B0024F39A /* 4_2fence_repair.cpp */ = {isa = PBXFileReference; lastKnownFileType = sourcecode.cpp.cpp; path = 4_2fence_repair.cpp; sourceTree = "<group>"; };
		79180FC4236142950076F0FB /* 1vec.cpp */ = {isa = PBXFileReference; lastKnownFileType = sourcecode.cpp.cpp; path = 1vec.cpp; sourceTree = "<group>"; };
		79180FC72362E05B0076F0FB /* 2Arr.cpp */ = {isa = PBXFileReference; lastKnownFileType = sourcecode.cpp.cpp; path = 2Arr.cpp; sourceTree = "<group>"; };
		79180FC9237315AA0076F0FB /* 3Str.cpp */ = {isa = PBXFileReference; lastKnownFileType = sourcecode.cpp.cpp; path = 3Str.cpp; sourceTree = "<group>"; };
		79192BC322BC67FC00D8ADE5 /* 5_1DP_package.cpp */ = {isa = PBXFileReference; lastKnownFileType = sourcecode.cpp.cpp; path = 5_1DP_package.cpp; sourceTree = "<group>"; };
		7925F3391EEFEDD900A66D7D /* BinarySearchTree.cpp */ = {isa = PBXFileReference; fileEncoding = 4; lastKnownFileType = sourcecode.cpp.cpp; path = BinarySearchTree.cpp; sourceTree = "<group>"; };
		7926E5E51F27856500AE47B1 /* Graph2.cpp */ = {isa = PBXFileReference; fileEncoding = 4; lastKnownFileType = sourcecode.cpp.cpp; path = Graph2.cpp; sourceTree = "<group>"; };
		792FDFA11ECF128600506AF9 /* OrderChild.cpp */ = {isa = PBXFileReference; fileEncoding = 4; lastKnownFileType = sourcecode.cpp.cpp; path = OrderChild.cpp; sourceTree = "<group>"; };
		792FDFA31ECF1B5900506AF9 /* MakeTeam.cpp */ = {isa = PBXFileReference; fileEncoding = 4; lastKnownFileType = sourcecode.cpp.cpp; path = MakeTeam.cpp; sourceTree = "<group>"; };
		792FDFA51ECF217100506AF9 /* MostLongUpstairsSequence.cpp */ = {isa = PBXFileReference; fileEncoding = 4; lastKnownFileType = sourcecode.cpp.cpp; path = MostLongUpstairsSequence.cpp; sourceTree = "<group>"; };
		792FDFA71ECF2AAB00506AF9 /* 11.cpp */ = {isa = PBXFileReference; fileEncoding = 4; lastKnownFileType = sourcecode.cpp.cpp; path = 11.cpp; sourceTree = "<group>"; };
		793258831EB8DD0F0060B2DE /* dfs.cpp */ = {isa = PBXFileReference; fileEncoding = 4; lastKnownFileType = sourcecode.cpp.cpp; path = dfs.cpp; sourceTree = "<group>"; };
		7935B90A1EEED480008E0260 /* AddPetral.cpp */ = {isa = PBXFileReference; fileEncoding = 4; lastKnownFileType = sourcecode.cpp.cpp; path = AddPetral.cpp; sourceTree = "<group>"; };
		7940154E1EC3F9B40068922F /* LakeCountDfs.cpp */ = {isa = PBXFileReference; fileEncoding = 4; lastKnownFileType = sourcecode.cpp.cpp; path = LakeCountDfs.cpp; sourceTree = "<group>"; };
		7941AE9F1F07CFAE000FC6C7 /* map.cpp */ = {isa = PBXFileReference; fileEncoding = 4; lastKnownFileType = sourcecode.cpp.cpp; path = map.cpp; sourceTree = "<group>"; };
		7941AEA11F07D224000FC6C7 /* UnionFindSet.cpp */ = {isa = PBXFileReference; fileEncoding = 4; lastKnownFileType = sourcecode.cpp.cpp; path = UnionFindSet.cpp; sourceTree = "<group>"; };
		7946FC201EC740DB0000377B /* maze.cpp */ = {isa = PBXFileReference; fileEncoding = 4; lastKnownFileType = sourcecode.cpp.cpp; path = maze.cpp; sourceTree = "<group>"; };
		7947CF322174761800A16355 /* 1Fact.cpp */ = {isa = PBXFileReference; fileEncoding = 4; lastKnownFileType = sourcecode.cpp.cpp; path = 1Fact.cpp; sourceTree = "<group>"; };
		7947CF3421747B7700A16355 /* 2Stack_Queue.cpp */ = {isa = PBXFileReference; fileEncoding = 4; lastKnownFileType = sourcecode.cpp.cpp; path = 2Stack_Queue.cpp; sourceTree = "<group>"; };
		7947CF3621747E3500A16355 /* 3DFS_BFS.cpp */ = {isa = PBXFileReference; fileEncoding = 4; lastKnownFileType = sourcecode.cpp.cpp; path = 3DFS_BFS.cpp; sourceTree = "<group>"; };
		7969AD3123FFE08800D3B704 /* alibaba.cpp */ = {isa = PBXFileReference; lastKnownFileType = sourcecode.cpp.cpp; path = alibaba.cpp; sourceTree = "<group>"; };
		7969AD332405618500D3B704 /* 9hash.cpp */ = {isa = PBXFileReference; lastKnownFileType = sourcecode.cpp.cpp; path = 9hash.cpp; sourceTree = "<group>"; };
		7969AD352406AA7E00D3B704 /* 5stack_heap.cpp */ = {isa = PBXFileReference; lastKnownFileType = sourcecode.cpp.cpp; path = 5stack_heap.cpp; sourceTree = "<group>"; };
		7969AD372428F71A00D3B704 /* 10Recurse_Divide.cpp */ = {isa = PBXFileReference; lastKnownFileType = sourcecode.cpp.cpp; path = 10Recurse_Divide.cpp; sourceTree = "<group>"; };
		7969AD39242CE1C900D3B704 /* 4domino_zhaohang.cpp */ = {isa = PBXFileReference; lastKnownFileType = sourcecode.cpp.cpp; path = 4domino_zhaohang.cpp; sourceTree = "<group>"; };
		7969AD3B242DA63500D3B704 /* 5poster_zhaohang.cpp */ = {isa = PBXFileReference; lastKnownFileType = sourcecode.cpp.cpp; path = 5poster_zhaohang.cpp; sourceTree = "<group>"; };
		7969AD3D242E1D8F00D3B704 /* 6socks_test.cpp */ = {isa = PBXFileReference; lastKnownFileType = sourcecode.cpp.cpp; path = 6socks_test.cpp; sourceTree = "<group>"; };
		7969AD3F2430D7B700D3B704 /* 7wood.cpp */ = {isa = PBXFileReference; lastKnownFileType = sourcecode.cpp.cpp; path = 7wood.cpp; sourceTree = "<group>"; };
		796EABB31EB20F8100C32FA1 /* Algorithm */ = {isa = PBXFileReference; explicitFileType = "compiled.mach-o.executable"; includeInIndex = 0; path = Algorithm; sourceTree = BUILT_PRODUCTS_DIR; };
		796EABB61EB20F8100C32FA1 /* addm.cpp */ = {isa = PBXFileReference; lastKnownFileType = sourcecode.cpp.cpp; path = addm.cpp; sourceTree = "<group>"; };
		796FD07923B889F6008156A5 /* 3Tree.cpp */ = {isa = PBXFileReference; lastKnownFileType = sourcecode.cpp.cpp; path = 3Tree.cpp; sourceTree = "<group>"; };
		796FD07B23B894C9008156A5 /* 4StackAndQueue.cpp */ = {isa = PBXFileReference; lastKnownFileType = sourcecode.cpp.cpp; path = 4StackAndQueue.cpp; sourceTree = "<group>"; };
		796FD07D23B89506008156A5 /* 5Sort&Find.cpp */ = {isa = PBXFileReference; lastKnownFileType = sourcecode.cpp.cpp; path = "5Sort&Find.cpp"; sourceTree = "<group>"; };
		796FD07F23B8C5E8008156A5 /* 6BackTrack.cpp */ = {isa = PBXFileReference; lastKnownFileType = sourcecode.cpp.cpp; path = 6BackTrack.cpp; sourceTree = "<group>"; };
		796FD08123B8D802008156A5 /* 7printN.cpp */ = {isa = PBXFileReference; lastKnownFileType = sourcecode.cpp.cpp; path = 7printN.cpp; sourceTree = "<group>"; };
		796FD08323BB7D41008156A5 /* 2KthBigValue.cpp */ = {isa = PBXFileReference; lastKnownFileType = sourcecode.cpp.cpp; path = 2KthBigValue.cpp; sourceTree = "<group>"; };
		796FD08523CA024E008156A5 /* 0prepare.cpp */ = {isa = PBXFileReference; lastKnownFileType = sourcecode.cpp.cpp; path = 0prepare.cpp; sourceTree = "<group>"; };
		7977983F1EBA2EF100B24E43 /* LakeCounting.cpp */ = {isa = PBXFileReference; fileEncoding = 4; lastKnownFileType = sourcecode.cpp.cpp; path = LakeCounting.cpp; sourceTree = "<group>"; };
		7989BD401EE055CB00779AFF /* pack01.cpp */ = {isa = PBXFileReference; fileEncoding = 4; lastKnownFileType = sourcecode.cpp.cpp; path = pack01.cpp; sourceTree = "<group>"; };
		799528BE22BF04D6004A903D /* yun1.cpp */ = {isa = PBXFileReference; lastKnownFileType = sourcecode.cpp.cpp; path = yun1.cpp; sourceTree = "<group>"; };
		799E5B1023CCABAC002B98BA /* 3KthInTwoOrdered.cpp */ = {isa = PBXFileReference; lastKnownFileType = sourcecode.cpp.cpp; path = 3KthInTwoOrdered.cpp; sourceTree = "<group>"; };
		79A25FB922C848AF00E22DBC /* 5_2DP_pack2.cpp */ = {isa = PBXFileReference; lastKnownFileType = sourcecode.cpp.cpp; path = 5_2DP_pack2.cpp; sourceTree = "<group>"; };
		79A45F6222DD674A00BAE3B4 /* 6_0heap.cpp */ = {isa = PBXFileReference; lastKnownFileType = sourcecode.cpp.cpp; path = 6_0heap.cpp; sourceTree = "<group>"; };
		79A45F6422DFFD0F00BAE3B4 /* 6_1priority_problem.cpp */ = {isa = PBXFileReference; fileEncoding = 4; lastKnownFileType = sourcecode.cpp.cpp; path = 6_1priority_problem.cpp; sourceTree = "<group>"; };
		79A45F6622E7F88E00BAE3B4 /* 7_0BSTree.cpp */ = {isa = PBXFileReference; lastKnownFileType = sourcecode.cpp.cpp; path = 7_0BSTree.cpp; sourceTree = "<group>"; };
		79A4ECC51EB5944E00A65C46 /* drawLots2.cpp */ = {isa = PBXFileReference; fileEncoding = 4; lastKnownFileType = sourcecode.cpp.cpp; path = drawLots2.cpp; sourceTree = "<group>"; };
		79A4ECC71EB5CD6600A65C46 /* stackTest.cpp */ = {isa = PBXFileReference; fileEncoding = 4; lastKnownFileType = sourcecode.cpp.cpp; path = stackTest.cpp; sourceTree = "<group>"; };
		79AB41C81F27802800BF8172 /* Graph1.cpp */ = {isa = PBXFileReference; fileEncoding = 4; lastKnownFileType = sourcecode.cpp.cpp; path = Graph1.cpp; sourceTree = "<group>"; };
		79B004C81EE59DAF00E825F4 /* MLSequence.c */ = {isa = PBXFileReference; fileEncoding = 4; lastKnownFileType = sourcecode.c.c; path = MLSequence.c; sourceTree = "<group>"; };
		79B004CA1EE5BDF600E825F4 /* mlSequence1.c */ = {isa = PBXFileReference; fileEncoding = 4; lastKnownFileType = sourcecode.c.c; path = mlSequence1.c; sourceTree = "<group>"; };
		79B49A411EBA1A6800C38422 /* juzi.cpp */ = {isa = PBXFileReference; fileEncoding = 4; lastKnownFileType = sourcecode.cpp.cpp; path = juzi.cpp; sourceTree = "<group>"; };
		79B556ED1EB3304A0073C522 /* whetherTriangle.cpp */ = {isa = PBXFileReference; fileEncoding = 4; lastKnownFileType = sourcecode.cpp.cpp; path = whetherTriangle.cpp; sourceTree = "<group>"; };
		79B87F4923B4905800EF79C4 /* 4_1ListNode_problems.cpp */ = {isa = PBXFileReference; lastKnownFileType = sourcecode.cpp.cpp; path = 4_1ListNode_problems.cpp; sourceTree = "<group>"; };
		79B87F4B23B49F0700EF79C4 /* 146LRU.cpp */ = {isa = PBXFileReference; lastKnownFileType = sourcecode.cpp.cpp; path = 146LRU.cpp; sourceTree = "<group>"; };
		79B87F4D23B4A94800EF79C4 /* 4_4linkList_sortlist.cpp */ = {isa = PBXFileReference; lastKnownFileType = sourcecode.cpp.cpp; path = 4_4linkList_sortlist.cpp; sourceTree = "<group>"; };
		79B87F4F23B4B3AA00EF79C4 /* 3_1longestPalindrome.cpp */ = {isa = PBXFileReference; lastKnownFileType = sourcecode.cpp.cpp; path = 3_1longestPalindrome.cpp; sourceTree = "<group>"; };
		79B87F5123B4D72200EF79C4 /* L7_reverse_int.cpp */ = {isa = PBXFileReference; lastKnownFileType = sourcecode.cpp.cpp; path = L7_reverse_int.cpp; sourceTree = "<group>"; };
		79B87F5323B50F7500EF79C4 /* 5_2TreeNode.cpp */ = {isa = PBXFileReference; lastKnownFileType = sourcecode.cpp.cpp; path = 5_2TreeNode.cpp; sourceTree = "<group>"; };
		79C5E02A2270B24E0099CFC0 /* 4_1greedy_army.cpp */ = {isa = PBXFileReference; lastKnownFileType = sourcecode.cpp.cpp; path = 4_1greedy_army.cpp; sourceTree = "<group>"; };
		79C645B623EFFE7200F4CDFE /* leecode100.cpp */ = {isa = PBXFileReference; lastKnownFileType = sourcecode.cpp.cpp; path = leecode100.cpp; sourceTree = "<group>"; };
		79C645B823F13D7400F4CDFE /* 7DP.cpp */ = {isa = PBXFileReference; lastKnownFileType = sourcecode.cpp.cpp; path = 7DP.cpp; sourceTree = "<group>"; };
		79C645BA23F6DB1D00F4CDFE /* 6BFS_DFS.cpp */ = {isa = PBXFileReference; lastKnownFileType = sourcecode.cpp.cpp; path = 6BFS_DFS.cpp; sourceTree = "<group>"; };
		79C645BC23F8E9C900F4CDFE /* 8search_sort.cpp */ = {isa = PBXFileReference; lastKnownFileType = sourcecode.cpp.cpp; path = 8search_sort.cpp; sourceTree = "<group>"; };
		79D274EA1EF8292D00544897 /* Set.cpp */ = {isa = PBXFileReference; fileEncoding = 4; lastKnownFileType = sourcecode.cpp.cpp; path = Set.cpp; sourceTree = "<group>"; };
		79DDD0A923A5E660007473F8 /* 4ListNode_basic.cpp */ = {isa = PBXFileReference; lastKnownFileType = sourcecode.cpp.cpp; path = 4ListNode_basic.cpp; sourceTree = "<group>"; };
		79DDD0AB23AA68F8007473F8 /* 1NextBiggerIndex.cpp */ = {isa = PBXFileReference; lastKnownFileType = sourcecode.cpp.cpp; path = 1NextBiggerIndex.cpp; sourceTree = "<group>"; };
		79DDD0AE23AB5B2A007473F8 /* 4_2linklist_circle.cpp */ = {isa = PBXFileReference; lastKnownFileType = sourcecode.cpp.cpp; path = 4_2linklist_circle.cpp; sourceTree = "<group>"; };
		79DDD0B023ACA2E1007473F8 /* 4_3linkList_IntersectionNode.cpp */ = {isa = PBXFileReference; lastKnownFileType = sourcecode.cpp.cpp; path = 4_3linkList_IntersectionNode.cpp; sourceTree = "<group>"; };
		79DDD0B323AF61C1007473F8 /* 168week_competition.cpp */ = {isa = PBXFileReference; lastKnownFileType = sourcecode.cpp.cpp; path = 168week_competition.cpp; sourceTree = "<group>"; };
		79DDD0B623B1FD69007473F8 /* 1string.cpp */ = {isa = PBXFileReference; lastKnownFileType = sourcecode.cpp.cpp; path = 1string.cpp; sourceTree = "<group>"; };
		79DDD0B823B20008007473F8 /* 2MinInRotateArr.cpp */ = {isa = PBXFileReference; lastKnownFileType = sourcecode.cpp.cpp; path = 2MinInRotateArr.cpp; sourceTree = "<group>"; };
		79E38AAF1F28C85C0055F2A8 /* PutColor.cpp */ = {isa = PBXFileReference; fileEncoding = 4; lastKnownFileType = sourcecode.cpp.cpp; path = PutColor.cpp; sourceTree = "<group>"; };
		79E38AB11F28D07A0055F2A8 /* SPBellman-Ford.cpp */ = {isa = PBXFileReference; fileEncoding = 4; lastKnownFileType = sourcecode.cpp.cpp; path = "SPBellman-Ford.cpp"; sourceTree = "<group>"; };
		79F70F4A1ECD9AD1004DCCBA /* coins.cpp */ = {isa = PBXFileReference; fileEncoding = 4; lastKnownFileType = sourcecode.cpp.cpp; path = coins.cpp; sourceTree = "<group>"; };
		79F70F4D1ECDA0C2004DCCBA /* ActivityTime.cpp */ = {isa = PBXFileReference; fileEncoding = 4; lastKnownFileType = sourcecode.cpp.cpp; path = ActivityTime.cpp; sourceTree = "<group>"; };
		79F70F4F1ECDD275004DCCBA /* dictionaryQueue.cpp */ = {isa = PBXFileReference; fileEncoding = 4; lastKnownFileType = sourcecode.cpp.cpp; path = dictionaryQueue.cpp; sourceTree = "<group>"; };
/* End PBXFileReference section */

/* Begin PBXFrameworksBuildPhase section */
		796EABB01EB20F8100C32FA1 /* Frameworks */ = {
			isa = PBXFrameworksBuildPhase;
			buildActionMask = 2147483647;
			files = (
			);
			runOnlyForDeploymentPostprocessing = 0;
		};
/* End PBXFrameworksBuildPhase section */

/* Begin PBXGroup section */
		790F71FC2446B52F001137E8 /* DP */ = {
			isa = PBXGroup;
			children = (
				7989BD401EE055CB00779AFF /* pack01.cpp */,
				79B004C81EE59DAF00E825F4 /* MLSequence.c */,
				79B004CA1EE5BDF600E825F4 /* mlSequence1.c */,
			);
			path = DP;
			sourceTree = "<group>";
		};
		790F71FD2446B546001137E8 /* Heap */ = {
			isa = PBXGroup;
			children = (
				7917278F1EE98A3100B8719F /* SetHeap.cpp */,
				7935B90A1EEED480008E0260 /* AddPetral.cpp */,
				7925F3391EEFEDD900A66D7D /* BinarySearchTree.cpp */,
				79D274EA1EF8292D00544897 /* Set.cpp */,
				7941AE9F1F07CFAE000FC6C7 /* map.cpp */,
				7941AEA11F07D224000FC6C7 /* UnionFindSet.cpp */,
			);
			path = Heap;
			sourceTree = "<group>";
		};
		79180FC6236182AA0076F0FB /* leecode */ = {
			isa = PBXGroup;
			children = (
				79DDD0B223AF618E007473F8 /* leecode_week */,
				79180FC4236142950076F0FB /* 1vec.cpp */,
				79180FC72362E05B0076F0FB /* 2Arr.cpp */,
				79180FC9237315AA0076F0FB /* 3Str.cpp */,
				79B87F4F23B4B3AA00EF79C4 /* 3_1longestPalindrome.cpp */,
				79DDD0A923A5E660007473F8 /* 4ListNode_basic.cpp */,
				79B87F4923B4905800EF79C4 /* 4_1ListNode_problems.cpp */,
				79DDD0AE23AB5B2A007473F8 /* 4_2linklist_circle.cpp */,
				79DDD0B023ACA2E1007473F8 /* 4_3linkList_IntersectionNode.cpp */,
				79B87F4D23B4A94800EF79C4 /* 4_4linkList_sortlist.cpp */,
				7969AD352406AA7E00D3B704 /* 5stack_heap.cpp */,
				79B87F5123B4D72200EF79C4 /* L7_reverse_int.cpp */,
				790F71FE2446B716001137E8 /* 5_1TreeNode_Travel.cpp */,
				79B87F5323B50F7500EF79C4 /* 5_2TreeNode.cpp */,
				79C645BA23F6DB1D00F4CDFE /* 6BFS_DFS.cpp */,
				79C645B823F13D7400F4CDFE /* 7DP.cpp */,
				79C645BC23F8E9C900F4CDFE /* 8search_sort.cpp */,
				7969AD332405618500D3B704 /* 9hash.cpp */,
				7969AD372428F71A00D3B704 /* 10Recurse_Divide.cpp */,
				79C645B623EFFE7200F4CDFE /* leecode100.cpp */,
				79B87F4B23B49F0700EF79C4 /* 146LRU.cpp */,
				7969AD3123FFE08800D3B704 /* alibaba.cpp */,
			);
			path = leecode;
			sourceTree = "<group>";
		};
		79406037243F575700B4D614 /* 19challengeProgrammingReview */ = {
			isa = PBXGroup;
			children = (
				799528BE22BF04D6004A903D /* yun1.cpp */,
				7947CF322174761800A16355 /* 1Fact.cpp */,
				7947CF3421747B7700A16355 /* 2Stack_Queue.cpp */,
				7947CF3621747E3500A16355 /* 3DFS_BFS.cpp */,
				7910362A221D94260073FD37 /* 4greedy.cpp */,
				79C5E02A2270B24E0099CFC0 /* 4_1greedy_army.cpp */,
				791798242277D11B0024F39A /* 4_2fence_repair.cpp */,
				79192BC322BC67FC00D8ADE5 /* 5_1DP_package.cpp */,
				79A25FB922C848AF00E22DBC /* 5_2DP_pack2.cpp */,
				79A45F6222DD674A00BAE3B4 /* 6_0heap.cpp */,
				79A45F6422DFFD0F00BAE3B4 /* 6_1priority_problem.cpp */,
				79A45F6622E7F88E00BAE3B4 /* 7_0BSTree.cpp */,
			);
			path = 19challengeProgrammingReview;
			sourceTree = "<group>";
		};
		796EABAA1EB20F8100C32FA1 = {
			isa = PBXGroup;
			children = (
				79B87F4823B4687600EF79C4 /* Interview_problem */,
				79DDD0B523B1FD43007473F8 /* SwotOffer */,
				79180FC6236182AA0076F0FB /* leecode */,
				79406037243F575700B4D614 /* 19challengeProgrammingReview */,
				796EABB51EB20F8100C32FA1 /* ChallengeProgrammingReview */,
				796EABB41EB20F8100C32FA1 /* Products */,
			);
			sourceTree = "<group>";
		};
		796EABB41EB20F8100C32FA1 /* Products */ = {
			isa = PBXGroup;
			children = (
				796EABB31EB20F8100C32FA1 /* Algorithm */,
			);
			name = Products;
			sourceTree = "<group>";
		};
		796EABB51EB20F8100C32FA1 /* ChallengeProgrammingReview */ = {
			isa = PBXGroup;
			children = (
				796EABB61EB20F8100C32FA1 /* addm.cpp */,
				79B556ED1EB3304A0073C522 /* whetherTriangle.cpp */,
				790BD8751EB43BFC00D28CE2 /* Ants.cpp */,
				790BD8771EB4411500D28CE2 /* drawLots.cpp */,
				79A4ECC51EB5944E00A65C46 /* drawLots2.cpp */,
				79A4ECC71EB5CD6600A65C46 /* stackTest.cpp */,
				793258831EB8DD0F0060B2DE /* dfs.cpp */,
				79B49A411EBA1A6800C38422 /* juzi.cpp */,
				7977983F1EBA2EF100B24E43 /* LakeCounting.cpp */,
				7940154E1EC3F9B40068922F /* LakeCountDfs.cpp */,
				7946FC201EC740DB0000377B /* maze.cpp */,
				79F70F4A1ECD9AD1004DCCBA /* coins.cpp */,
				79F70F4D1ECDA0C2004DCCBA /* ActivityTime.cpp */,
				79F70F4F1ECDD275004DCCBA /* dictionaryQueue.cpp */,
				792FDFA11ECF128600506AF9 /* OrderChild.cpp */,
				792FDFA31ECF1B5900506AF9 /* MakeTeam.cpp */,
				792FDFA51ECF217100506AF9 /* MostLongUpstairsSequence.cpp */,
				792FDFA71ECF2AAB00506AF9 /* 11.cpp */,
				790F71FD2446B546001137E8 /* Heap */,
				790F71FC2446B52F001137E8 /* DP */,
				79AB41C71F277FBA00BF8172 /* Graph */,
			);
			path = ChallengeProgrammingReview;
			sourceTree = "<group>";
		};
		79AB41C71F277FBA00BF8172 /* Graph */ = {
			isa = PBXGroup;
			children = (
				79AB41C81F27802800BF8172 /* Graph1.cpp */,
				7926E5E51F27856500AE47B1 /* Graph2.cpp */,
				79E38AAF1F28C85C0055F2A8 /* PutColor.cpp */,
				79E38AB11F28D07A0055F2A8 /* SPBellman-Ford.cpp */,
			);
			name = Graph;
			sourceTree = "<group>";
		};
		79B87F4823B4687600EF79C4 /* Interview_problem */ = {
			isa = PBXGroup;
			children = (
				79DDD0AB23AA68F8007473F8 /* 1NextBiggerIndex.cpp */,
				796FD08323BB7D41008156A5 /* 2KthBigValue.cpp */,
				799E5B1023CCABAC002B98BA /* 3KthInTwoOrdered.cpp */,
				7969AD39242CE1C900D3B704 /* 4domino_zhaohang.cpp */,
				7969AD3B242DA63500D3B704 /* 5poster_zhaohang.cpp */,
				7969AD3D242E1D8F00D3B704 /* 6socks_test.cpp */,
				7969AD3F2430D7B700D3B704 /* 7wood.cpp */,
				790F72002451BE9D001137E8 /* 8tecent_test1.cpp */,
			);
			path = Interview_problem;
			sourceTree = "<group>";
		};
		79DDD0B223AF618E007473F8 /* leecode_week */ = {
			isa = PBXGroup;
			children = (
				79DDD0B323AF61C1007473F8 /* 168week_competition.cpp */,
			);
			path = leecode_week;
			sourceTree = "<group>";
		};
		79DDD0B523B1FD43007473F8 /* SwotOffer */ = {
			isa = PBXGroup;
			children = (
				796FD08523CA024E008156A5 /* 0prepare.cpp */,
				79DDD0B623B1FD69007473F8 /* 1string.cpp */,
				79DDD0B823B20008007473F8 /* 2MinInRotateArr.cpp */,
				796FD07923B889F6008156A5 /* 3Tree.cpp */,
				796FD07B23B894C9008156A5 /* 4StackAndQueue.cpp */,
				796FD07D23B89506008156A5 /* 5Sort&Find.cpp */,
				790F720324527C59001137E8 /* 5_1Reversed_pair.cpp */,
				790F720524548370001137E8 /* 5_2Reversed_pair.cpp */,
				796FD07F23B8C5E8008156A5 /* 6BackTrack.cpp */,
				796FD08123B8D802008156A5 /* 7printN.cpp */,
			);
			path = SwotOffer;
			sourceTree = "<group>";
		};
/* End PBXGroup section */

/* Begin PBXNativeTarget section */
		796EABB21EB20F8100C32FA1 /* Algorithm */ = {
			isa = PBXNativeTarget;
			buildConfigurationList = 796EABBA1EB20F8100C32FA1 /* Build configuration list for PBXNativeTarget "Algorithm" */;
			buildPhases = (
				796EABAF1EB20F8100C32FA1 /* Sources */,
				796EABB01EB20F8100C32FA1 /* Frameworks */,
				796EABB11EB20F8100C32FA1 /* CopyFiles */,
			);
			buildRules = (
			);
			dependencies = (
			);
			name = Algorithm;
			productName = test;
			productReference = 796EABB31EB20F8100C32FA1 /* Algorithm */;
			productType = "com.apple.product-type.tool";
		};
/* End PBXNativeTarget section */

/* Begin PBXProject section */
		796EABAB1EB20F8100C32FA1 /* Project object */ = {
			isa = PBXProject;
			attributes = {
				LastUpgradeCheck = 1130;
				ORGANIZATIONNAME = wangxue;
				TargetAttributes = {
					796EABB21EB20F8100C32FA1 = {
						CreatedOnToolsVersion = 8.0;
						ProvisioningStyle = Automatic;
					};
				};
			};
			buildConfigurationList = 796EABAE1EB20F8100C32FA1 /* Build configuration list for PBXProject "Algorithm" */;
			compatibilityVersion = "Xcode 3.2";
			developmentRegion = en;
			hasScannedForEncodings = 0;
			knownRegions = (
				en,
				Base,
			);
			mainGroup = 796EABAA1EB20F8100C32FA1;
			productRefGroup = 796EABB41EB20F8100C32FA1 /* Products */;
			projectDirPath = "";
			projectRoot = "";
			targets = (
				796EABB21EB20F8100C32FA1 /* Algorithm */,
			);
		};
/* End PBXProject section */

/* Begin PBXSourcesBuildPhase section */
		796EABAF1EB20F8100C32FA1 /* Sources */ = {
			isa = PBXSourcesBuildPhase;
			buildActionMask = 2147483647;
			files = (
				7940154F1EC3F9B40068922F /* LakeCountDfs.cpp in Sources */,
				79B87F5223B4D72200EF79C4 /* L7_reverse_int.cpp in Sources */,
				79DDD0AC23AA68F8007473F8 /* 1NextBiggerIndex.cpp in Sources */,
				790BD8761EB43BFC00D28CE2 /* Ants.cpp in Sources */,
				799528BF22BF04D6004A903D /* yun1.cpp in Sources */,
				79180FCA237315AB0076F0FB /* 3Str.cpp in Sources */,
				7969AD3C242DA63500D3B704 /* 5poster_zhaohang.cpp in Sources */,
				792FDFA41ECF1B5900506AF9 /* MakeTeam.cpp in Sources */,
				790BD8781EB4411500D28CE2 /* drawLots.cpp in Sources */,
				79F70F501ECDD275004DCCBA /* dictionaryQueue.cpp in Sources */,
				79D274EB1EF8292D00544897 /* Set.cpp in Sources */,
				793258841EB8DD0F0060B2DE /* dfs.cpp in Sources */,
				79B49A421EBA1A6800C38422 /* juzi.cpp in Sources */,
				79180FC82362E05B0076F0FB /* 2Arr.cpp in Sources */,
				791798252277D11B0024F39A /* 4_2fence_repair.cpp in Sources */,
				79A25FBA22C848AF00E22DBC /* 5_2DP_pack2.cpp in Sources */,
				796FD08623CA024E008156A5 /* 0prepare.cpp in Sources */,
				7947CF3521747B7700A16355 /* 2Stack_Queue.cpp in Sources */,
				79C645B723EFFE7200F4CDFE /* leecode100.cpp in Sources */,
				796FD07C23B894C9008156A5 /* 4StackAndQueue.cpp in Sources */,
				796FD07E23B89506008156A5 /* 5Sort&Find.cpp in Sources */,
				79DDD0B723B1FD69007473F8 /* 1string.cpp in Sources */,
				79A4ECC81EB5CD6600A65C46 /* stackTest.cpp in Sources */,
				79A45F6322DD674A00BAE3B4 /* 6_0heap.cpp in Sources */,
				79B87F4E23B4A94800EF79C4 /* 4_4linkList_sortlist.cpp in Sources */,
				7925F33A1EEFEDD900A66D7D /* BinarySearchTree.cpp in Sources */,
				790F72022451BE9E001137E8 /* 8tecent_test1.cpp in Sources */,
				79F70F4B1ECD9AD1004DCCBA /* coins.cpp in Sources */,
				796FD08423BB7D41008156A5 /* 2KthBigValue.cpp in Sources */,
				79DDD0AA23A5E660007473F8 /* 4ListNode_basic.cpp in Sources */,
				79E38AB21F28D07A0055F2A8 /* SPBellman-Ford.cpp in Sources */,
				7910362B221D94260073FD37 /* 4greedy.cpp in Sources */,
				796FD07A23B889F6008156A5 /* 3Tree.cpp in Sources */,
				79B87F4A23B4905800EF79C4 /* 4_1ListNode_problems.cpp in Sources */,
				79E38AB01F28C85C0055F2A8 /* PutColor.cpp in Sources */,
				797798401EBA2EF100B24E43 /* LakeCounting.cpp in Sources */,
				79A45F6722E7F88E00BAE3B4 /* 7_0BSTree.cpp in Sources */,
				7941AEA01F07CFAE000FC6C7 /* map.cpp in Sources */,
				79F70F4E1ECDA0C2004DCCBA /* ActivityTime.cpp in Sources */,
				79B004C91EE59DAF00E825F4 /* MLSequence.c in Sources */,
				791727901EE98A3100B8719F /* SetHeap.cpp in Sources */,
				79192BC422BC67FC00D8ADE5 /* 5_1DP_package.cpp in Sources */,
				79DDD0B423AF61C1007473F8 /* 168week_competition.cpp in Sources */,
				7969AD362406AA7E00D3B704 /* 5stack_heap.cpp in Sources */,
				79A4ECC61EB5944E00A65C46 /* drawLots2.cpp in Sources */,
				79B556EE1EB3304A0073C522 /* whetherTriangle.cpp in Sources */,
				792FDFA81ECF2AAB00506AF9 /* 11.cpp in Sources */,
				792FDFA61ECF217100506AF9 /* MostLongUpstairsSequence.cpp in Sources */,
				79B87F5023B4B3AA00EF79C4 /* 3_1longestPalindrome.cpp in Sources */,
				796FD08023B8C5E8008156A5 /* 6BackTrack.cpp in Sources */,
				796EABB71EB20F8100C32FA1 /* addm.cpp in Sources */,
				790F720424527C59001137E8 /* 5_1Reversed_pair.cpp in Sources */,
				7969AD3E242E1D8F00D3B704 /* 6socks_test.cpp in Sources */,
				79C645B923F13D7400F4CDFE /* 7DP.cpp in Sources */,
				79C645BD23F8E9C900F4CDFE /* 8search_sort.cpp in Sources */,
				7947CF332174761800A16355 /* 1Fact.cpp in Sources */,
				79DDD0AF23AB5B2A007473F8 /* 4_2linklist_circle.cpp in Sources */,
				799E5B1123CCABAC002B98BA /* 3KthInTwoOrdered.cpp in Sources */,
				7989BD411EE055CB00779AFF /* pack01.cpp in Sources */,
				79C5E02B2270B24F0099CFC0 /* 4_1greedy_army.cpp in Sources */,
				79C645BB23F6DB1D00F4CDFE /* 6BFS_DFS.cpp in Sources */,
				7969AD3223FFE08800D3B704 /* alibaba.cpp in Sources */,
				7935B90B1EEED480008E0260 /* AddPetral.cpp in Sources */,
				79180FC5236142950076F0FB /* 1vec.cpp in Sources */,
				7969AD342405618500D3B704 /* 9hash.cpp in Sources */,
				7926E5E61F27856500AE47B1 /* Graph2.cpp in Sources */,
				7969AD3A242CE1C900D3B704 /* 4domino_zhaohang.cpp in Sources */,
				792FDFA21ECF128600506AF9 /* OrderChild.cpp in Sources */,
				7969AD402430D7B700D3B704 /* 7wood.cpp in Sources */,
				7947CF3721747E3500A16355 /* 3DFS_BFS.cpp in Sources */,
				796FD08223B8D802008156A5 /* 7printN.cpp in Sources */,
				79B004CB1EE5BDF600E825F4 /* mlSequence1.c in Sources */,
				7969AD382428F71A00D3B704 /* 10Recurse_Divide.cpp in Sources */,
				79DDD0B123ACA2E1007473F8 /* 4_3linkList_IntersectionNode.cpp in Sources */,
				79DDD0B923B20008007473F8 /* 2MinInRotateArr.cpp in Sources */,
				79B87F5423B50F7500EF79C4 /* 5_2TreeNode.cpp in Sources */,
				79A45F6522DFFD0F00BAE3B4 /* 6_1priority_problem.cpp in Sources */,
				7941AEA21F07D224000FC6C7 /* UnionFindSet.cpp in Sources */,
				79B87F4C23B49F0700EF79C4 /* 146LRU.cpp in Sources */,
				79AB41C91F27802800BF8172 /* Graph1.cpp in Sources */,
				7946FC211EC740DB0000377B /* maze.cpp in Sources */,
				790F71FF2446B716001137E8 /* 5_1TreeNode_Travel.cpp in Sources */,
				790F720624548370001137E8 /* 5_2Reversed_pair.cpp in Sources */,
			);
			runOnlyForDeploymentPostprocessing = 0;
		};
/* End PBXSourcesBuildPhase section */

/* Begin XCBuildConfiguration section */
		796EABB81EB20F8100C32FA1 /* Debug */ = {
			isa = XCBuildConfiguration;
			buildSettings = {
				ALWAYS_SEARCH_USER_PATHS = NO;
				CLANG_ANALYZER_LOCALIZABILITY_NONLOCALIZED = YES;
				CLANG_ANALYZER_NONNULL = YES;
				CLANG_CXX_LANGUAGE_STANDARD = "gnu++0x";
				CLANG_CXX_LIBRARY = "libc++";
				CLANG_ENABLE_MODULES = YES;
				CLANG_ENABLE_OBJC_ARC = YES;
				CLANG_WARN_BLOCK_CAPTURE_AUTORELEASING = YES;
				CLANG_WARN_BOOL_CONVERSION = YES;
				CLANG_WARN_COMMA = YES;
				CLANG_WARN_CONSTANT_CONVERSION = YES;
				CLANG_WARN_DEPRECATED_OBJC_IMPLEMENTATIONS = YES;
				CLANG_WARN_DIRECT_OBJC_ISA_USAGE = YES_ERROR;
				CLANG_WARN_DOCUMENTATION_COMMENTS = YES;
				CLANG_WARN_EMPTY_BODY = YES;
				CLANG_WARN_ENUM_CONVERSION = YES;
				CLANG_WARN_INFINITE_RECURSION = YES;
				CLANG_WARN_INT_CONVERSION = YES;
				CLANG_WARN_NON_LITERAL_NULL_CONVERSION = YES;
				CLANG_WARN_OBJC_IMPLICIT_RETAIN_SELF = YES;
				CLANG_WARN_OBJC_LITERAL_CONVERSION = YES;
				CLANG_WARN_OBJC_ROOT_CLASS = YES_ERROR;
				CLANG_WARN_RANGE_LOOP_ANALYSIS = YES;
				CLANG_WARN_STRICT_PROTOTYPES = YES;
				CLANG_WARN_SUSPICIOUS_MOVE = YES;
				CLANG_WARN_SUSPICIOUS_MOVES = YES;
				CLANG_WARN_UNREACHABLE_CODE = YES;
				CLANG_WARN__DUPLICATE_METHOD_MATCH = YES;
				CODE_SIGN_IDENTITY = "-";
				COPY_PHASE_STRIP = NO;
				DEBUG_INFORMATION_FORMAT = dwarf;
				ENABLE_STRICT_OBJC_MSGSEND = YES;
				ENABLE_TESTABILITY = YES;
				GCC_C_LANGUAGE_STANDARD = gnu99;
				GCC_DYNAMIC_NO_PIC = NO;
				GCC_NO_COMMON_BLOCKS = YES;
				GCC_OPTIMIZATION_LEVEL = 0;
				GCC_PREPROCESSOR_DEFINITIONS = (
					"DEBUG=1",
					"$(inherited)",
				);
				GCC_WARN_64_TO_32_BIT_CONVERSION = YES;
				GCC_WARN_ABOUT_RETURN_TYPE = YES_ERROR;
				GCC_WARN_UNDECLARED_SELECTOR = YES;
				GCC_WARN_UNINITIALIZED_AUTOS = YES_AGGRESSIVE;
				GCC_WARN_UNUSED_FUNCTION = YES;
				GCC_WARN_UNUSED_VARIABLE = YES;
				MACOSX_DEPLOYMENT_TARGET = 10.11;
				MTL_ENABLE_DEBUG_INFO = YES;
				ONLY_ACTIVE_ARCH = YES;
				SDKROOT = macosx;
			};
			name = Debug;
		};
		796EABB91EB20F8100C32FA1 /* Release */ = {
			isa = XCBuildConfiguration;
			buildSettings = {
				ALWAYS_SEARCH_USER_PATHS = NO;
				CLANG_ANALYZER_LOCALIZABILITY_NONLOCALIZED = YES;
				CLANG_ANALYZER_NONNULL = YES;
				CLANG_CXX_LANGUAGE_STANDARD = "gnu++0x";
				CLANG_CXX_LIBRARY = "libc++";
				CLANG_ENABLE_MODULES = YES;
				CLANG_ENABLE_OBJC_ARC = YES;
				CLANG_WARN_BLOCK_CAPTURE_AUTORELEASING = YES;
				CLANG_WARN_BOOL_CONVERSION = YES;
				CLANG_WARN_COMMA = YES;
				CLANG_WARN_CONSTANT_CONVERSION = YES;
				CLANG_WARN_DEPRECATED_OBJC_IMPLEMENTATIONS = YES;
				CLANG_WARN_DIRECT_OBJC_ISA_USAGE = YES_ERROR;
				CLANG_WARN_DOCUMENTATION_COMMENTS = YES;
				CLANG_WARN_EMPTY_BODY = YES;
				CLANG_WARN_ENUM_CONVERSION = YES;
				CLANG_WARN_INFINITE_RECURSION = YES;
				CLANG_WARN_INT_CONVERSION = YES;
				CLANG_WARN_NON_LITERAL_NULL_CONVERSION = YES;
				CLANG_WARN_OBJC_IMPLICIT_RETAIN_SELF = YES;
				CLANG_WARN_OBJC_LITERAL_CONVERSION = YES;
				CLANG_WARN_OBJC_ROOT_CLASS = YES_ERROR;
				CLANG_WARN_RANGE_LOOP_ANALYSIS = YES;
				CLANG_WARN_STRICT_PROTOTYPES = YES;
				CLANG_WARN_SUSPICIOUS_MOVE = YES;
				CLANG_WARN_SUSPICIOUS_MOVES = YES;
				CLANG_WARN_UNREACHABLE_CODE = YES;
				CLANG_WARN__DUPLICATE_METHOD_MATCH = YES;
				CODE_SIGN_IDENTITY = "-";
				COPY_PHASE_STRIP = NO;
				DEBUG_INFORMATION_FORMAT = "dwarf-with-dsym";
				ENABLE_NS_ASSERTIONS = NO;
				ENABLE_STRICT_OBJC_MSGSEND = YES;
				GCC_C_LANGUAGE_STANDARD = gnu99;
				GCC_NO_COMMON_BLOCKS = YES;
				GCC_WARN_64_TO_32_BIT_CONVERSION = YES;
				GCC_WARN_ABOUT_RETURN_TYPE = YES_ERROR;
				GCC_WARN_UNDECLARED_SELECTOR = YES;
				GCC_WARN_UNINITIALIZED_AUTOS = YES_AGGRESSIVE;
				GCC_WARN_UNUSED_FUNCTION = YES;
				GCC_WARN_UNUSED_VARIABLE = YES;
				MACOSX_DEPLOYMENT_TARGET = 10.11;
				MTL_ENABLE_DEBUG_INFO = NO;
				SDKROOT = macosx;
			};
			name = Release;
		};
		796EABBB1EB20F8100C32FA1 /* Debug */ = {
			isa = XCBuildConfiguration;
			buildSettings = {
				CODE_SIGN_IDENTITY = "-";
				PRODUCT_NAME = "$(TARGET_NAME)";
			};
			name = Debug;
		};
		796EABBC1EB20F8100C32FA1 /* Release */ = {
			isa = XCBuildConfiguration;
			buildSettings = {
				CODE_SIGN_IDENTITY = "-";
				PRODUCT_NAME = "$(TARGET_NAME)";
			};
			name = Release;
		};
/* End XCBuildConfiguration section */

/* Begin XCConfigurationList section */
		796EABAE1EB20F8100C32FA1 /* Build configuration list for PBXProject "Algorithm" */ = {
			isa = XCConfigurationList;
			buildConfigurations = (
				796EABB81EB20F8100C32FA1 /* Debug */,
				796EABB91EB20F8100C32FA1 /* Release */,
			);
			defaultConfigurationIsVisible = 0;
			defaultConfigurationName = Release;
		};
		796EABBA1EB20F8100C32FA1 /* Build configuration list for PBXNativeTarget "Algorithm" */ = {
			isa = XCConfigurationList;
			buildConfigurations = (
				796EABBB1EB20F8100C32FA1 /* Debug */,
				796EABBC1EB20F8100C32FA1 /* Release */,
			);
			defaultConfigurationIsVisible = 0;
			defaultConfigurationName = Release;
		};
/* End XCConfigurationList section */
	};
	rootObject = 796EABAB1EB20F8100C32FA1 /* Project object */;
}
